// !$*UTF8*$!
{
	archiveVersion = 1;
	classes = {
	};
	objectVersion = 56;
	objects = {

/* Begin PBXBuildFile section */
		2C13202C2B067E1600400466 /* UIKitTestViewController.swift in Sources */ = {isa = PBXBuildFile; fileRef = 2C13202B2B067E1600400466 /* UIKitTestViewController.swift */; };
		2C3A661A2B0BC5A9001DB725 /* SampleCollectionViewController.swift in Sources */ = {isa = PBXBuildFile; fileRef = 2C3A66192B0BC5A9001DB725 /* SampleCollectionViewController.swift */; };
		2C3A661C2B0BCB85001DB725 /* SampleCollectionViewCell.swift in Sources */ = {isa = PBXBuildFile; fileRef = 2C3A661B2B0BCB85001DB725 /* SampleCollectionViewCell.swift */; };
		2CB44ECE2AF0DACB00BF02F4 /* UIKitTest1.storyboard in Resources */ = {isa = PBXBuildFile; fileRef = 2CB44ECD2AF0DACB00BF02F4 /* UIKitTest1.storyboard */; };
		2CB44ED22AF0F28A00BF02F4 /* UIKitTest2.storyboard in Resources */ = {isa = PBXBuildFile; fileRef = 2CB44ED12AF0F28A00BF02F4 /* UIKitTest2.storyboard */; };
		2CC735902AE6C43500BEEEF1 /* AppDelegate.swift in Sources */ = {isa = PBXBuildFile; fileRef = 2CC7358F2AE6C43500BEEEF1 /* AppDelegate.swift */; };
		2CC735922AE6C43500BEEEF1 /* SceneDelegate.swift in Sources */ = {isa = PBXBuildFile; fileRef = 2CC735912AE6C43500BEEEF1 /* SceneDelegate.swift */; };
		2CC735942AE6C43500BEEEF1 /* ViewController.swift in Sources */ = {isa = PBXBuildFile; fileRef = 2CC735932AE6C43500BEEEF1 /* ViewController.swift */; };
		2CC735992AE6C43600BEEEF1 /* Assets.xcassets in Resources */ = {isa = PBXBuildFile; fileRef = 2CC735982AE6C43600BEEEF1 /* Assets.xcassets */; };
		2CC7359C2AE6C43600BEEEF1 /* LaunchScreen.storyboard in Resources */ = {isa = PBXBuildFile; fileRef = 2CC7359A2AE6C43600BEEEF1 /* LaunchScreen.storyboard */; };
		2CC735A72AE6C43600BEEEF1 /* SampleUIKitTests.swift in Sources */ = {isa = PBXBuildFile; fileRef = 2CC735A62AE6C43600BEEEF1 /* SampleUIKitTests.swift */; };
		2CC735B12AE6C43600BEEEF1 /* SampleUIKitUITests.swift in Sources */ = {isa = PBXBuildFile; fileRef = 2CC735B02AE6C43600BEEEF1 /* SampleUIKitUITests.swift */; };
		2CC735B32AE6C43600BEEEF1 /* SampleUIKitUITestsLaunchTests.swift in Sources */ = {isa = PBXBuildFile; fileRef = 2CC735B22AE6C43600BEEEF1 /* SampleUIKitUITestsLaunchTests.swift */; };
/* End PBXBuildFile section */

/* Begin PBXContainerItemProxy section */
		2CC735A32AE6C43600BEEEF1 /* PBXContainerItemProxy */ = {
			isa = PBXContainerItemProxy;
			containerPortal = 2CC735842AE6C43500BEEEF1 /* Project object */;
			proxyType = 1;
			remoteGlobalIDString = 2CC7358B2AE6C43500BEEEF1;
			remoteInfo = SampleUIKit;
		};
		2CC735AD2AE6C43600BEEEF1 /* PBXContainerItemProxy */ = {
			isa = PBXContainerItemProxy;
			containerPortal = 2CC735842AE6C43500BEEEF1 /* Project object */;
			proxyType = 1;
			remoteGlobalIDString = 2CC7358B2AE6C43500BEEEF1;
			remoteInfo = SampleUIKit;
		};
/* End PBXContainerItemProxy section */

/* Begin PBXFileReference section */
		2C13202B2B067E1600400466 /* UIKitTestViewController.swift */ = {isa = PBXFileReference; lastKnownFileType = sourcecode.swift; path = UIKitTestViewController.swift; sourceTree = "<group>"; };
		2C3A66192B0BC5A9001DB725 /* SampleCollectionViewController.swift */ = {isa = PBXFileReference; lastKnownFileType = sourcecode.swift; path = SampleCollectionViewController.swift; sourceTree = "<group>"; };
		2C3A661B2B0BCB85001DB725 /* SampleCollectionViewCell.swift */ = {isa = PBXFileReference; lastKnownFileType = sourcecode.swift; path = SampleCollectionViewCell.swift; sourceTree = "<group>"; };
		2CB44ECD2AF0DACB00BF02F4 /* UIKitTest1.storyboard */ = {isa = PBXFileReference; lastKnownFileType = file.storyboard; path = UIKitTest1.storyboard; sourceTree = "<group>"; };
		2CB44ED12AF0F28A00BF02F4 /* UIKitTest2.storyboard */ = {isa = PBXFileReference; lastKnownFileType = file.storyboard; path = UIKitTest2.storyboard; sourceTree = "<group>"; };
		2CC7358C2AE6C43500BEEEF1 /* SampleUIKit.app */ = {isa = PBXFileReference; explicitFileType = wrapper.application; includeInIndex = 0; path = SampleUIKit.app; sourceTree = BUILT_PRODUCTS_DIR; };
		2CC7358F2AE6C43500BEEEF1 /* AppDelegate.swift */ = {isa = PBXFileReference; lastKnownFileType = sourcecode.swift; path = AppDelegate.swift; sourceTree = "<group>"; };
		2CC735912AE6C43500BEEEF1 /* SceneDelegate.swift */ = {isa = PBXFileReference; lastKnownFileType = sourcecode.swift; path = SceneDelegate.swift; sourceTree = "<group>"; };
		2CC735932AE6C43500BEEEF1 /* ViewController.swift */ = {isa = PBXFileReference; lastKnownFileType = sourcecode.swift; path = ViewController.swift; sourceTree = "<group>"; };
		2CC735982AE6C43600BEEEF1 /* Assets.xcassets */ = {isa = PBXFileReference; lastKnownFileType = folder.assetcatalog; path = Assets.xcassets; sourceTree = "<group>"; };
		2CC7359B2AE6C43600BEEEF1 /* Base */ = {isa = PBXFileReference; lastKnownFileType = file.storyboard; name = Base; path = Base.lproj/LaunchScreen.storyboard; sourceTree = "<group>"; };
		2CC7359D2AE6C43600BEEEF1 /* Info.plist */ = {isa = PBXFileReference; lastKnownFileType = text.plist.xml; path = Info.plist; sourceTree = "<group>"; };
		2CC735A22AE6C43600BEEEF1 /* SampleUIKitTests.xctest */ = {isa = PBXFileReference; explicitFileType = wrapper.cfbundle; includeInIndex = 0; path = SampleUIKitTests.xctest; sourceTree = BUILT_PRODUCTS_DIR; };
		2CC735A62AE6C43600BEEEF1 /* SampleUIKitTests.swift */ = {isa = PBXFileReference; lastKnownFileType = sourcecode.swift; path = SampleUIKitTests.swift; sourceTree = "<group>"; };
		2CC735AC2AE6C43600BEEEF1 /* SampleUIKitUITests.xctest */ = {isa = PBXFileReference; explicitFileType = wrapper.cfbundle; includeInIndex = 0; path = SampleUIKitUITests.xctest; sourceTree = BUILT_PRODUCTS_DIR; };
		2CC735B02AE6C43600BEEEF1 /* SampleUIKitUITests.swift */ = {isa = PBXFileReference; lastKnownFileType = sourcecode.swift; path = SampleUIKitUITests.swift; sourceTree = "<group>"; };
		2CC735B22AE6C43600BEEEF1 /* SampleUIKitUITestsLaunchTests.swift */ = {isa = PBXFileReference; lastKnownFileType = sourcecode.swift; path = SampleUIKitUITestsLaunchTests.swift; sourceTree = "<group>"; };
/* End PBXFileReference section */

/* Begin PBXFrameworksBuildPhase section */
		2CC735892AE6C43500BEEEF1 /* Frameworks */ = {
			isa = PBXFrameworksBuildPhase;
			buildActionMask = 2147483647;
			files = (
			);
			runOnlyForDeploymentPostprocessing = 0;
		};
		2CC7359F2AE6C43600BEEEF1 /* Frameworks */ = {
			isa = PBXFrameworksBuildPhase;
			buildActionMask = 2147483647;
			files = (
			);
			runOnlyForDeploymentPostprocessing = 0;
		};
		2CC735A92AE6C43600BEEEF1 /* Frameworks */ = {
			isa = PBXFrameworksBuildPhase;
			buildActionMask = 2147483647;
			files = (
			);
			runOnlyForDeploymentPostprocessing = 0;
		};
/* End PBXFrameworksBuildPhase section */

/* Begin PBXGroup section */
		2CC735832AE6C43500BEEEF1 = {
			isa = PBXGroup;
			children = (
				2CC7358E2AE6C43500BEEEF1 /* SampleUIKit */,
				2CC735A52AE6C43600BEEEF1 /* SampleUIKitTests */,
				2CC735AF2AE6C43600BEEEF1 /* SampleUIKitUITests */,
				2CC7358D2AE6C43500BEEEF1 /* Products */,
			);
			sourceTree = "<group>";
		};
		2CC7358D2AE6C43500BEEEF1 /* Products */ = {
			isa = PBXGroup;
			children = (
				2CC7358C2AE6C43500BEEEF1 /* SampleUIKit.app */,
				2CC735A22AE6C43600BEEEF1 /* SampleUIKitTests.xctest */,
				2CC735AC2AE6C43600BEEEF1 /* SampleUIKitUITests.xctest */,
			);
			name = Products;
			sourceTree = "<group>";
		};
		2CC7358E2AE6C43500BEEEF1 /* SampleUIKit */ = {
			isa = PBXGroup;
			children = (
				2CC7358F2AE6C43500BEEEF1 /* AppDelegate.swift */,
				2CC735912AE6C43500BEEEF1 /* SceneDelegate.swift */,
				2CC735932AE6C43500BEEEF1 /* ViewController.swift */,
				2C13202B2B067E1600400466 /* UIKitTestViewController.swift */,
				2C3A66192B0BC5A9001DB725 /* SampleCollectionViewController.swift */,
				2C3A661B2B0BCB85001DB725 /* SampleCollectionViewCell.swift */,
				2CC735982AE6C43600BEEEF1 /* Assets.xcassets */,
				2CC7359D2AE6C43600BEEEF1 /* Info.plist */,
				2CB44ECD2AF0DACB00BF02F4 /* UIKitTest1.storyboard */,
				2CB44ED12AF0F28A00BF02F4 /* UIKitTest2.storyboard */,
				2CC7359A2AE6C43600BEEEF1 /* LaunchScreen.storyboard */,
			);
			path = SampleUIKit;
			sourceTree = "<group>";
		};
		2CC735A52AE6C43600BEEEF1 /* SampleUIKitTests */ = {
			isa = PBXGroup;
			children = (
				2CC735A62AE6C43600BEEEF1 /* SampleUIKitTests.swift */,
			);
			path = SampleUIKitTests;
			sourceTree = "<group>";
		};
		2CC735AF2AE6C43600BEEEF1 /* SampleUIKitUITests */ = {
			isa = PBXGroup;
			children = (
				2CC735B02AE6C43600BEEEF1 /* SampleUIKitUITests.swift */,
				2CC735B22AE6C43600BEEEF1 /* SampleUIKitUITestsLaunchTests.swift */,
			);
			path = SampleUIKitUITests;
			sourceTree = "<group>";
		};
/* End PBXGroup section */

/* Begin PBXNativeTarget section */
		2CC7358B2AE6C43500BEEEF1 /* SampleUIKit */ = {
			isa = PBXNativeTarget;
			buildConfigurationList = 2CC735B62AE6C43600BEEEF1 /* Build configuration list for PBXNativeTarget "SampleUIKit" */;
			buildPhases = (
				2CC735882AE6C43500BEEEF1 /* Sources */,
				2CC735892AE6C43500BEEEF1 /* Frameworks */,
				2CC7358A2AE6C43500BEEEF1 /* Resources */,
			);
			buildRules = (
			);
			dependencies = (
			);
			name = SampleUIKit;
			productName = SampleUIKit;
			productReference = 2CC7358C2AE6C43500BEEEF1 /* SampleUIKit.app */;
			productType = "com.apple.product-type.application";
		};
		2CC735A12AE6C43600BEEEF1 /* SampleUIKitTests */ = {
			isa = PBXNativeTarget;
			buildConfigurationList = 2CC735B92AE6C43600BEEEF1 /* Build configuration list for PBXNativeTarget "SampleUIKitTests" */;
			buildPhases = (
				2CC7359E2AE6C43600BEEEF1 /* Sources */,
				2CC7359F2AE6C43600BEEEF1 /* Frameworks */,
				2CC735A02AE6C43600BEEEF1 /* Resources */,
			);
			buildRules = (
			);
			dependencies = (
				2CC735A42AE6C43600BEEEF1 /* PBXTargetDependency */,
			);
			name = SampleUIKitTests;
			productName = SampleUIKitTests;
			productReference = 2CC735A22AE6C43600BEEEF1 /* SampleUIKitTests.xctest */;
			productType = "com.apple.product-type.bundle.unit-test";
		};
		2CC735AB2AE6C43600BEEEF1 /* SampleUIKitUITests */ = {
			isa = PBXNativeTarget;
			buildConfigurationList = 2CC735BC2AE6C43600BEEEF1 /* Build configuration list for PBXNativeTarget "SampleUIKitUITests" */;
			buildPhases = (
				2CC735A82AE6C43600BEEEF1 /* Sources */,
				2CC735A92AE6C43600BEEEF1 /* Frameworks */,
				2CC735AA2AE6C43600BEEEF1 /* Resources */,
			);
			buildRules = (
			);
			dependencies = (
				2CC735AE2AE6C43600BEEEF1 /* PBXTargetDependency */,
			);
			name = SampleUIKitUITests;
			productName = SampleUIKitUITests;
			productReference = 2CC735AC2AE6C43600BEEEF1 /* SampleUIKitUITests.xctest */;
			productType = "com.apple.product-type.bundle.ui-testing";
		};
/* End PBXNativeTarget section */

/* Begin PBXProject section */
		2CC735842AE6C43500BEEEF1 /* Project object */ = {
			isa = PBXProject;
			attributes = {
				BuildIndependentTargetsInParallel = 1;
				LastSwiftUpdateCheck = 1500;
				LastUpgradeCheck = 1500;
				TargetAttributes = {
					2CC7358B2AE6C43500BEEEF1 = {
						CreatedOnToolsVersion = 15.0;
					};
					2CC735A12AE6C43600BEEEF1 = {
						CreatedOnToolsVersion = 15.0;
						TestTargetID = 2CC7358B2AE6C43500BEEEF1;
					};
					2CC735AB2AE6C43600BEEEF1 = {
						CreatedOnToolsVersion = 15.0;
						TestTargetID = 2CC7358B2AE6C43500BEEEF1;
					};
				};
			};
			buildConfigurationList = 2CC735872AE6C43500BEEEF1 /* Build configuration list for PBXProject "SampleUIKit" */;
			compatibilityVersion = "Xcode 14.0";
			developmentRegion = en;
			hasScannedForEncodings = 0;
			knownRegions = (
				en,
				Base,
			);
			mainGroup = 2CC735832AE6C43500BEEEF1;
			productRefGroup = 2CC7358D2AE6C43500BEEEF1 /* Products */;
			projectDirPath = "";
			projectRoot = "";
			targets = (
				2CC7358B2AE6C43500BEEEF1 /* SampleUIKit */,
				2CC735A12AE6C43600BEEEF1 /* SampleUIKitTests */,
				2CC735AB2AE6C43600BEEEF1 /* SampleUIKitUITests */,
			);
		};
/* End PBXProject section */

/* Begin PBXResourcesBuildPhase section */
		2CC7358A2AE6C43500BEEEF1 /* Resources */ = {
			isa = PBXResourcesBuildPhase;
			buildActionMask = 2147483647;
			files = (
				2CB44ED22AF0F28A00BF02F4 /* UIKitTest2.storyboard in Resources */,
				2CB44ECE2AF0DACB00BF02F4 /* UIKitTest1.storyboard in Resources */,
				2CC7359C2AE6C43600BEEEF1 /* LaunchScreen.storyboard in Resources */,
				2CC735992AE6C43600BEEEF1 /* Assets.xcassets in Resources */,
			);
			runOnlyForDeploymentPostprocessing = 0;
		};
		2CC735A02AE6C43600BEEEF1 /* Resources */ = {
			isa = PBXResourcesBuildPhase;
			buildActionMask = 2147483647;
			files = (
			);
			runOnlyForDeploymentPostprocessing = 0;
		};
		2CC735AA2AE6C43600BEEEF1 /* Resources */ = {
			isa = PBXResourcesBuildPhase;
			buildActionMask = 2147483647;
			files = (
			);
			runOnlyForDeploymentPostprocessing = 0;
		};
/* End PBXResourcesBuildPhase section */

/* Begin PBXSourcesBuildPhase section */
		2CC735882AE6C43500BEEEF1 /* Sources */ = {
			isa = PBXSourcesBuildPhase;
			buildActionMask = 2147483647;
			files = (
				2C3A661A2B0BC5A9001DB725 /* SampleCollectionViewController.swift in Sources */,
				2CC735942AE6C43500BEEEF1 /* ViewController.swift in Sources */,
				2C13202C2B067E1600400466 /* UIKitTestViewController.swift in Sources */,
				2CC735902AE6C43500BEEEF1 /* AppDelegate.swift in Sources */,
				2C3A661C2B0BCB85001DB725 /* SampleCollectionViewCell.swift in Sources */,
				2CC735922AE6C43500BEEEF1 /* SceneDelegate.swift in Sources */,
			);
			runOnlyForDeploymentPostprocessing = 0;
		};
		2CC7359E2AE6C43600BEEEF1 /* Sources */ = {
			isa = PBXSourcesBuildPhase;
			buildActionMask = 2147483647;
			files = (
				2CC735A72AE6C43600BEEEF1 /* SampleUIKitTests.swift in Sources */,
			);
			runOnlyForDeploymentPostprocessing = 0;
		};
		2CC735A82AE6C43600BEEEF1 /* Sources */ = {
			isa = PBXSourcesBuildPhase;
			buildActionMask = 2147483647;
			files = (
				2CC735B12AE6C43600BEEEF1 /* SampleUIKitUITests.swift in Sources */,
				2CC735B32AE6C43600BEEEF1 /* SampleUIKitUITestsLaunchTests.swift in Sources */,
			);
			runOnlyForDeploymentPostprocessing = 0;
		};
/* End PBXSourcesBuildPhase section */

/* Begin PBXTargetDependency section */
		2CC735A42AE6C43600BEEEF1 /* PBXTargetDependency */ = {
			isa = PBXTargetDependency;
			target = 2CC7358B2AE6C43500BEEEF1 /* SampleUIKit */;
			targetProxy = 2CC735A32AE6C43600BEEEF1 /* PBXContainerItemProxy */;
		};
		2CC735AE2AE6C43600BEEEF1 /* PBXTargetDependency */ = {
			isa = PBXTargetDependency;
			target = 2CC7358B2AE6C43500BEEEF1 /* SampleUIKit */;
			targetProxy = 2CC735AD2AE6C43600BEEEF1 /* PBXContainerItemProxy */;
		};
/* End PBXTargetDependency section */

/* Begin PBXVariantGroup section */
		2CC7359A2AE6C43600BEEEF1 /* LaunchScreen.storyboard */ = {
			isa = PBXVariantGroup;
			children = (
				2CC7359B2AE6C43600BEEEF1 /* Base */,
			);
			name = LaunchScreen.storyboard;
			sourceTree = "<group>";
		};
/* End PBXVariantGroup section */

/* Begin XCBuildConfiguration section */
		2CC735B42AE6C43600BEEEF1 /* Debug */ = {
			isa = XCBuildConfiguration;
			buildSettings = {
				ALWAYS_SEARCH_USER_PATHS = NO;
				ASSETCATALOG_COMPILER_GENERATE_SWIFT_ASSET_SYMBOL_EXTENSIONS = YES;
				CLANG_ANALYZER_NONNULL = YES;
				CLANG_ANALYZER_NUMBER_OBJECT_CONVERSION = YES_AGGRESSIVE;
				CLANG_CXX_LANGUAGE_STANDARD = "gnu++20";
				CLANG_ENABLE_MODULES = YES;
				CLANG_ENABLE_OBJC_ARC = YES;
				CLANG_ENABLE_OBJC_WEAK = YES;
				CLANG_WARN_BLOCK_CAPTURE_AUTORELEASING = YES;
				CLANG_WARN_BOOL_CONVERSION = YES;
				CLANG_WARN_COMMA = YES;
				CLANG_WARN_CONSTANT_CONVERSION = YES;
				CLANG_WARN_DEPRECATED_OBJC_IMPLEMENTATIONS = YES;
				CLANG_WARN_DIRECT_OBJC_ISA_USAGE = YES_ERROR;
				CLANG_WARN_DOCUMENTATION_COMMENTS = YES;
				CLANG_WARN_EMPTY_BODY = YES;
				CLANG_WARN_ENUM_CONVERSION = YES;
				CLANG_WARN_INFINITE_RECURSION = YES;
				CLANG_WARN_INT_CONVERSION = YES;
				CLANG_WARN_NON_LITERAL_NULL_CONVERSION = YES;
				CLANG_WARN_OBJC_IMPLICIT_RETAIN_SELF = YES;
				CLANG_WARN_OBJC_LITERAL_CONVERSION = YES;
				CLANG_WARN_OBJC_ROOT_CLASS = YES_ERROR;
				CLANG_WARN_QUOTED_INCLUDE_IN_FRAMEWORK_HEADER = YES;
				CLANG_WARN_RANGE_LOOP_ANALYSIS = YES;
				CLANG_WARN_STRICT_PROTOTYPES = YES;
				CLANG_WARN_SUSPICIOUS_MOVE = YES;
				CLANG_WARN_UNGUARDED_AVAILABILITY = YES_AGGRESSIVE;
				CLANG_WARN_UNREACHABLE_CODE = YES;
				CLANG_WARN__DUPLICATE_METHOD_MATCH = YES;
				COPY_PHASE_STRIP = NO;
				DEBUG_INFORMATION_FORMAT = dwarf;
				ENABLE_STRICT_OBJC_MSGSEND = YES;
				ENABLE_TESTABILITY = YES;
				ENABLE_USER_SCRIPT_SANDBOXING = YES;
				GCC_C_LANGUAGE_STANDARD = gnu17;
				GCC_DYNAMIC_NO_PIC = NO;
				GCC_NO_COMMON_BLOCKS = YES;
				GCC_OPTIMIZATION_LEVEL = 0;
				GCC_PREPROCESSOR_DEFINITIONS = (
					"DEBUG=1",
					"$(inherited)",
				);
				GCC_WARN_64_TO_32_BIT_CONVERSION = YES;
				GCC_WARN_ABOUT_RETURN_TYPE = YES_ERROR;
				GCC_WARN_UNDECLARED_SELECTOR = YES;
				GCC_WARN_UNINITIALIZED_AUTOS = YES_AGGRESSIVE;
				GCC_WARN_UNUSED_FUNCTION = YES;
				GCC_WARN_UNUSED_VARIABLE = YES;
				IPHONEOS_DEPLOYMENT_TARGET = 17.0;
				LOCALIZATION_PREFERS_STRING_CATALOGS = YES;
				MTL_ENABLE_DEBUG_INFO = INCLUDE_SOURCE;
				MTL_FAST_MATH = YES;
				ONLY_ACTIVE_ARCH = YES;
				SDKROOT = iphoneos;
				SWIFT_ACTIVE_COMPILATION_CONDITIONS = "DEBUG $(inherited)";
				SWIFT_OPTIMIZATION_LEVEL = "-Onone";
			};
			name = Debug;
		};
		2CC735B52AE6C43600BEEEF1 /* Release */ = {
			isa = XCBuildConfiguration;
			buildSettings = {
				ALWAYS_SEARCH_USER_PATHS = NO;
				ASSETCATALOG_COMPILER_GENERATE_SWIFT_ASSET_SYMBOL_EXTENSIONS = YES;
				CLANG_ANALYZER_NONNULL = YES;
				CLANG_ANALYZER_NUMBER_OBJECT_CONVERSION = YES_AGGRESSIVE;
				CLANG_CXX_LANGUAGE_STANDARD = "gnu++20";
				CLANG_ENABLE_MODULES = YES;
				CLANG_ENABLE_OBJC_ARC = YES;
				CLANG_ENABLE_OBJC_WEAK = YES;
				CLANG_WARN_BLOCK_CAPTURE_AUTORELEASING = YES;
				CLANG_WARN_BOOL_CONVERSION = YES;
				CLANG_WARN_COMMA = YES;
				CLANG_WARN_CONSTANT_CONVERSION = YES;
				CLANG_WARN_DEPRECATED_OBJC_IMPLEMENTATIONS = YES;
				CLANG_WARN_DIRECT_OBJC_ISA_USAGE = YES_ERROR;
				CLANG_WARN_DOCUMENTATION_COMMENTS = YES;
				CLANG_WARN_EMPTY_BODY = YES;
				CLANG_WARN_ENUM_CONVERSION = YES;
				CLANG_WARN_INFINITE_RECURSION = YES;
				CLANG_WARN_INT_CONVERSION = YES;
				CLANG_WARN_NON_LITERAL_NULL_CONVERSION = YES;
				CLANG_WARN_OBJC_IMPLICIT_RETAIN_SELF = YES;
				CLANG_WARN_OBJC_LITERAL_CONVERSION = YES;
				CLANG_WARN_OBJC_ROOT_CLASS = YES_ERROR;
				CLANG_WARN_QUOTED_INCLUDE_IN_FRAMEWORK_HEADER = YES;
				CLANG_WARN_RANGE_LOOP_ANALYSIS = YES;
				CLANG_WARN_STRICT_PROTOTYPES = YES;
				CLANG_WARN_SUSPICIOUS_MOVE = YES;
				CLANG_WARN_UNGUARDED_AVAILABILITY = YES_AGGRESSIVE;
				CLANG_WARN_UNREACHABLE_CODE = YES;
				CLANG_WARN__DUPLICATE_METHOD_MATCH = YES;
				COPY_PHASE_STRIP = NO;
				DEBUG_INFORMATION_FORMAT = "dwarf-with-dsym";
				ENABLE_NS_ASSERTIONS = NO;
				ENABLE_STRICT_OBJC_MSGSEND = YES;
				ENABLE_USER_SCRIPT_SANDBOXING = YES;
				GCC_C_LANGUAGE_STANDARD = gnu17;
				GCC_NO_COMMON_BLOCKS = YES;
				GCC_WARN_64_TO_32_BIT_CONVERSION = YES;
				GCC_WARN_ABOUT_RETURN_TYPE = YES_ERROR;
				GCC_WARN_UNDECLARED_SELECTOR = YES;
				GCC_WARN_UNINITIALIZED_AUTOS = YES_AGGRESSIVE;
				GCC_WARN_UNUSED_FUNCTION = YES;
				GCC_WARN_UNUSED_VARIABLE = YES;
				IPHONEOS_DEPLOYMENT_TARGET = 17.0;
				LOCALIZATION_PREFERS_STRING_CATALOGS = YES;
				MTL_ENABLE_DEBUG_INFO = NO;
				MTL_FAST_MATH = YES;
				SDKROOT = iphoneos;
				SWIFT_COMPILATION_MODE = wholemodule;
				VALIDATE_PRODUCT = YES;
			};
			name = Release;
		};
		2CC735B72AE6C43600BEEEF1 /* Debug */ = {
			isa = XCBuildConfiguration;
			buildSettings = {
				ASSETCATALOG_COMPILER_APPICON_NAME = AppIcon;
				ASSETCATALOG_COMPILER_GLOBAL_ACCENT_COLOR_NAME = AccentColor;
				CODE_SIGN_STYLE = Automatic;
				CURRENT_PROJECT_VERSION = 1;
				DEVELOPMENT_TEAM = K3FD3VZL37;
				GENERATE_INFOPLIST_FILE = YES;
				INFOPLIST_FILE = SampleUIKit/Info.plist;
				INFOPLIST_KEY_UIApplicationSupportsIndirectInputEvents = YES;
				INFOPLIST_KEY_UILaunchStoryboardName = LaunchScreen;
				INFOPLIST_KEY_UIMainStoryboardFile = "";
				INFOPLIST_KEY_UISupportedInterfaceOrientations_iPad = "UIInterfaceOrientationPortrait UIInterfaceOrientationPortraitUpsideDown UIInterfaceOrientationLandscapeLeft UIInterfaceOrientationLandscapeRight";
				INFOPLIST_KEY_UISupportedInterfaceOrientations_iPhone = "UIInterfaceOrientationPortrait UIInterfaceOrientationLandscapeLeft UIInterfaceOrientationLandscapeRight";
				LD_RUNPATH_SEARCH_PATHS = (
					"$(inherited)",
					"@executable_path/Frameworks",
				);
				MARKETING_VERSION = 1.0;
				PRODUCT_BUNDLE_IDENTIFIER = com.seon.SampleUIKit;
				PRODUCT_NAME = "$(TARGET_NAME)";
				SWIFT_EMIT_LOC_STRINGS = YES;
				SWIFT_VERSION = 5.0;
				TARGETED_DEVICE_FAMILY = "1,2";
			};
			name = Debug;
		};
		2CC735B82AE6C43600BEEEF1 /* Release */ = {
			isa = XCBuildConfiguration;
			buildSettings = {
				ASSETCATALOG_COMPILER_APPICON_NAME = AppIcon;
				ASSETCATALOG_COMPILER_GLOBAL_ACCENT_COLOR_NAME = AccentColor;
				CODE_SIGN_STYLE = Automatic;
				CURRENT_PROJECT_VERSION = 1;
				DEVELOPMENT_TEAM = K3FD3VZL37;
				GENERATE_INFOPLIST_FILE = YES;
				INFOPLIST_FILE = SampleUIKit/Info.plist;
				INFOPLIST_KEY_UIApplicationSupportsIndirectInputEvents = YES;
				INFOPLIST_KEY_UILaunchStoryboardName = LaunchScreen;
				INFOPLIST_KEY_UIMainStoryboardFile = "";
				INFOPLIST_KEY_UISupportedInterfaceOrientations_iPad = "UIInterfaceOrientationPortrait UIInterfaceOrientationPortraitUpsideDown UIInterfaceOrientationLandscapeLeft UIInterfaceOrientationLandscapeRight";
				INFOPLIST_KEY_UISupportedInterfaceOrientations_iPhone = "UIInterfaceOrientationPortrait UIInterfaceOrientationLandscapeLeft UIInterfaceOrientationLandscapeRight";
				LD_RUNPATH_SEARCH_PATHS = (
					"$(inherited)",
					"@executable_path/Frameworks",
				);
				MARKETING_VERSION = 1.0;
				PRODUCT_BUNDLE_IDENTIFIER = com.seon.SampleUIKit;
				PRODUCT_NAME = "$(TARGET_NAME)";
				SWIFT_EMIT_LOC_STRINGS = YES;
				SWIFT_VERSION = 5.0;
				TARGETED_DEVICE_FAMILY = "1,2";
			};
			name = Release;
		};
		2CC735BA2AE6C43600BEEEF1 /* Debug */ = {
			isa = XCBuildConfiguration;
			buildSettings = {
				ALWAYS_EMBED_SWIFT_STANDARD_LIBRARIES = YES;
				BUNDLE_LOADER = "$(TEST_HOST)";
				CODE_SIGN_STYLE = Automatic;
				CURRENT_PROJECT_VERSION = 1;
				DEVELOPMENT_TEAM = K3FD3VZL37;
				GENERATE_INFOPLIST_FILE = YES;
				IPHONEOS_DEPLOYMENT_TARGET = 17.0;
				MARKETING_VERSION = 1.0;
				PRODUCT_BUNDLE_IDENTIFIER = com.seon.SampleUIKitTests;
				PRODUCT_NAME = "$(TARGET_NAME)";
				SWIFT_EMIT_LOC_STRINGS = NO;
				SWIFT_VERSION = 5.0;
				TARGETED_DEVICE_FAMILY = "1,2";
				TEST_HOST = "$(BUILT_PRODUCTS_DIR)/SampleUIKit.app/$(BUNDLE_EXECUTABLE_FOLDER_PATH)/SampleUIKit";
			};
			name = Debug;
		};
		2CC735BB2AE6C43600BEEEF1 /* Release */ = {
			isa = XCBuildConfiguration;
			buildSettings = {
				ALWAYS_EMBED_SWIFT_STANDARD_LIBRARIES = YES;
				BUNDLE_LOADER = "$(TEST_HOST)";
				CODE_SIGN_STYLE = Automatic;
				CURRENT_PROJECT_VERSION = 1;
				DEVELOPMENT_TEAM = K3FD3VZL37;
				GENERATE_INFOPLIST_FILE = YES;
				IPHONEOS_DEPLOYMENT_TARGET = 17.0;
				MARKETING_VERSION = 1.0;
				PRODUCT_BUNDLE_IDENTIFIER = com.seon.SampleUIKitTests;
				PRODUCT_NAME = "$(TARGET_NAME)";
				SWIFT_EMIT_LOC_STRINGS = NO;
				SWIFT_VERSION = 5.0;
				TARGETED_DEVICE_FAMILY = "1,2";
				TEST_HOST = "$(BUILT_PRODUCTS_DIR)/SampleUIKit.app/$(BUNDLE_EXECUTABLE_FOLDER_PATH)/SampleUIKit";
			};
			name = Release;
		};
		2CC735BD2AE6C43600BEEEF1 /* Debug */ = {
			isa = XCBuildConfiguration;
			buildSettings = {
				ALWAYS_EMBED_SWIFT_STANDARD_LIBRARIES = YES;
				CODE_SIGN_STYLE = Automatic;
				CURRENT_PROJECT_VERSION = 1;
				DEVELOPMENT_TEAM = K3FD3VZL37;
				GENERATE_INFOPLIST_FILE = YES;
				MARKETING_VERSION = 1.0;
				PRODUCT_BUNDLE_IDENTIFIER = com.seon.SampleUIKitUITests;
				PRODUCT_NAME = "$(TARGET_NAME)";
				SWIFT_EMIT_LOC_STRINGS = NO;
				SWIFT_VERSION = 5.0;
				TARGETED_DEVICE_FAMILY = "1,2";
				TEST_TARGET_NAME = SampleUIKit;
			};
			name = Debug;
		};
		2CC735BE2AE6C43600BEEEF1 /* Release */ = {
			isa = XCBuildConfiguration;
			buildSettings = {
				ALWAYS_EMBED_SWIFT_STANDARD_LIBRARIES = YES;
				CODE_SIGN_STYLE = Automatic;
				CURRENT_PROJECT_VERSION = 1;
				DEVELOPMENT_TEAM = K3FD3VZL37;
				GENERATE_INFOPLIST_FILE = YES;
				MARKETING_VERSION = 1.0;
				PRODUCT_BUNDLE_IDENTIFIER = com.seon.SampleUIKitUITests;
				PRODUCT_NAME = "$(TARGET_NAME)";
				SWIFT_EMIT_LOC_STRINGS = NO;
				SWIFT_VERSION = 5.0;
				TARGETED_DEVICE_FAMILY = "1,2";
				TEST_TARGET_NAME = SampleUIKit;
			};
			name = Release;
		};
/* End XCBuildConfiguration section */

/* Begin XCConfigurationList section */
		2CC735872AE6C43500BEEEF1 /* Build configuration list for PBXProject "SampleUIKit" */ = {
			isa = XCConfigurationList;
			buildConfigurations = (
				2CC735B42AE6C43600BEEEF1 /* Debug */,
				2CC735B52AE6C43600BEEEF1 /* Release */,
			);
			defaultConfigurationIsVisible = 0;
			defaultConfigurationName = Release;
		};
		2CC735B62AE6C43600BEEEF1 /* Build configuration list for PBXNativeTarget "SampleUIKit" */ = {
			isa = XCConfigurationList;
			buildConfigurations = (
				2CC735B72AE6C43600BEEEF1 /* Debug */,
				2CC735B82AE6C43600BEEEF1 /* Release */,
			);
			defaultConfigurationIsVisible = 0;
			defaultConfigurationName = Release;
		};
		2CC735B92AE6C43600BEEEF1 /* Build configuration list for PBXNativeTarget "SampleUIKitTests" */ = {
			isa = XCConfigurationList;
			buildConfigurations = (
				2CC735BA2AE6C43600BEEEF1 /* Debug */,
				2CC735BB2AE6C43600BEEEF1 /* Release */,
			);
			defaultConfigurationIsVisible = 0;
			defaultConfigurationName = Release;
		};
		2CC735BC2AE6C43600BEEEF1 /* Build configuration list for PBXNativeTarget "SampleUIKitUITests" */ = {
			isa = XCConfigurationList;
			buildConfigurations = (
				2CC735BD2AE6C43600BEEEF1 /* Debug */,
				2CC735BE2AE6C43600BEEEF1 /* Release */,
			);
			defaultConfigurationIsVisible = 0;
			defaultConfigurationName = Release;
		};
/* End XCConfigurationList section */
	};
	rootObject = 2CC735842AE6C43500BEEEF1 /* Project object */;
}
